// !$*UTF8*$!
{
	archiveVersion = 1;
	classes = {
	};
	objectVersion = 52;
	objects = {

/* Begin PBXBuildFile section */
		019CB69525497676009460FB /* Alamofire in Frameworks */ = {isa = PBXBuildFile; productRef = 019CB69425497676009460FB /* Alamofire */; };
		019CB6A325497C49009460FB /* GoogleMobileAds.framework in Frameworks */ = {isa = PBXBuildFile; fileRef = 019CB6A225497C49009460FB /* GoogleMobileAds.framework */; };
		019CB6B225497E83009460FB /* UICircularRing.swift in Sources */ = {isa = PBXBuildFile; fileRef = 019CB6A925497E83009460FB /* UICircularRing.swift */; };
		019CB6B325497E83009460FB /* UICircularRingLayer.swift in Sources */ = {isa = PBXBuildFile; fileRef = 019CB6AA25497E83009460FB /* UICircularRingLayer.swift */; };
		019CB6B425497E83009460FB /* UICircularRingStyle.swift in Sources */ = {isa = PBXBuildFile; fileRef = 019CB6AB25497E83009460FB /* UICircularRingStyle.swift */; };
		019CB6B525497E83009460FB /* UICircularTimerRing.swift in Sources */ = {isa = PBXBuildFile; fileRef = 019CB6AC25497E83009460FB /* UICircularTimerRing.swift */; };
		019CB6B625497E83009460FB /* Extensions.swift in Sources */ = {isa = PBXBuildFile; fileRef = 019CB6AD25497E83009460FB /* Extensions.swift */; };
		019CB6B725497E83009460FB /* UICircularProgressRingDelegate.swift in Sources */ = {isa = PBXBuildFile; fileRef = 019CB6AF25497E83009460FB /* UICircularProgressRingDelegate.swift */; };
		019CB6B825497E83009460FB /* UICircularProgressRing.swift in Sources */ = {isa = PBXBuildFile; fileRef = 019CB6B025497E83009460FB /* UICircularProgressRing.swift */; };
		019CB6B925497E83009460FB /* UICircularRingValueFormatter.swift in Sources */ = {isa = PBXBuildFile; fileRef = 019CB6B125497E83009460FB /* UICircularRingValueFormatter.swift */; };
		01BAC10D25485F8500B5F624 /* UIView+Extension.swift in Sources */ = {isa = PBXBuildFile; fileRef = 01BAC10C25485F8500B5F624 /* UIView+Extension.swift */; };
		01BAC11525486E7900B5F624 /* Double+Extension.swift in Sources */ = {isa = PBXBuildFile; fileRef = 01BAC11425486E7900B5F624 /* Double+Extension.swift */; };
		01C20EEB2503947100715910 /* simpleweatherTests.swift in Sources */ = {isa = PBXBuildFile; fileRef = 01C20EEA2503947100715910 /* simpleweatherTests.swift */; };
		9000AF2E1FC9B29E00517D27 /* Baumans-Regular.ttf in Resources */ = {isa = PBXBuildFile; fileRef = 9000AF2D1FC9B29D00517D27 /* Baumans-Regular.ttf */; };
		9000AF301FC9E62C00517D27 /* PartOfDay.swift in Sources */ = {isa = PBXBuildFile; fileRef = 9000AF2F1FC9E62C00517D27 /* PartOfDay.swift */; };
		902DF25F201B845600C7B458 /* CustomImage.swift in Sources */ = {isa = PBXBuildFile; fileRef = 902DF25E201B845600C7B458 /* CustomImage.swift */; };
		90499F631F67FDEE008AFAD1 /* Barometer.swift in Sources */ = {isa = PBXBuildFile; fileRef = 90499F621F67FDEE008AFAD1 /* Barometer.swift */; };
		904C6A4B200B83C900D9F5F9 /* BarometerVC.swift in Sources */ = {isa = PBXBuildFile; fileRef = 904C6A4A200B83C900D9F5F9 /* BarometerVC.swift */; };
		904C6A4D200B83D700D9F5F9 /* SettingsVC.swift in Sources */ = {isa = PBXBuildFile; fileRef = 904C6A4C200B83D700D9F5F9 /* SettingsVC.swift */; };
		904C6A52200B971E00D9F5F9 /* CustomButton.swift in Sources */ = {isa = PBXBuildFile; fileRef = 904C6A51200B971E00D9F5F9 /* CustomButton.swift */; };
		9086DA7B1DBFEC870045C3F4 /* Constants.swift in Sources */ = {isa = PBXBuildFile; fileRef = 9086DA7A1DBFEC870045C3F4 /* Constants.swift */; };
		9086DA7D1DBFEFBE0045C3F4 /* CurrentWeather.swift in Sources */ = {isa = PBXBuildFile; fileRef = 9086DA7C1DBFEFBE0045C3F4 /* CurrentWeather.swift */; };
		909C22951DC238290098E1FB /* BackgroundImage.swift in Sources */ = {isa = PBXBuildFile; fileRef = 909C22941DC238290098E1FB /* BackgroundImage.swift */; };
		90A410D61DC11F0D009C9238 /* Forecast.swift in Sources */ = {isa = PBXBuildFile; fileRef = 90A410D51DC11F0D009C9238 /* Forecast.swift */; };
		90A410D81DC12EEA009C9238 /* WeatherCell.swift in Sources */ = {isa = PBXBuildFile; fileRef = 90A410D71DC12EEA009C9238 /* WeatherCell.swift */; };
		90A410DB1DC139FB009C9238 /* Location.swift in Sources */ = {isa = PBXBuildFile; fileRef = 90A410DA1DC139FB009C9238 /* Location.swift */; };
		90A94F1B201B762900F901F3 /* Muli-ExtraBold.ttf in Resources */ = {isa = PBXBuildFile; fileRef = 90A94F19201B762800F901F3 /* Muli-ExtraBold.ttf */; };
		90A94F1C201B762900F901F3 /* Muli-Bold.ttf in Resources */ = {isa = PBXBuildFile; fileRef = 90A94F1A201B762800F901F3 /* Muli-Bold.ttf */; };
		90C1EFCA20260C1800F221CB /* Muli-Regular.ttf in Resources */ = {isa = PBXBuildFile; fileRef = 90C1EFC820260C1700F221CB /* Muli-Regular.ttf */; };
		90C1EFCB20260C1800F221CB /* Muli-Light.ttf in Resources */ = {isa = PBXBuildFile; fileRef = 90C1EFC920260C1700F221CB /* Muli-Light.ttf */; };
		90C1EFCD2026355000F221CB /* GlobalData.swift in Sources */ = {isa = PBXBuildFile; fileRef = 90C1EFCC2026355000F221CB /* GlobalData.swift */; };
		90E466161DB3D80E00147235 /* AppDelegate.swift in Sources */ = {isa = PBXBuildFile; fileRef = 90E466151DB3D80E00147235 /* AppDelegate.swift */; };
		90E466181DB3D80E00147235 /* WeatherVC.swift in Sources */ = {isa = PBXBuildFile; fileRef = 90E466171DB3D80E00147235 /* WeatherVC.swift */; };
		90E4661B1DB3D80E00147235 /* Main.storyboard in Resources */ = {isa = PBXBuildFile; fileRef = 90E466191DB3D80E00147235 /* Main.storyboard */; };
		90E4661D1DB3D80E00147235 /* Assets.xcassets in Resources */ = {isa = PBXBuildFile; fileRef = 90E4661C1DB3D80E00147235 /* Assets.xcassets */; };
		90E466201DB3D80E00147235 /* LaunchScreen.storyboard in Resources */ = {isa = PBXBuildFile; fileRef = 90E4661E1DB3D80E00147235 /* LaunchScreen.storyboard */; };
/* End PBXBuildFile section */

/* Begin PBXContainerItemProxy section */
		01C20EED2503947100715910 /* PBXContainerItemProxy */ = {
			isa = PBXContainerItemProxy;
			containerPortal = 90E4660A1DB3D80E00147235 /* Project object */;
			proxyType = 1;
			remoteGlobalIDString = 90E466111DB3D80E00147235;
			remoteInfo = simpleweather;
		};
/* End PBXContainerItemProxy section */

/* Begin PBXCopyFilesBuildPhase section */
		90B0CE2C1FD1E3BD0004DB2F /* Embed Watch Content */ = {
			isa = PBXCopyFilesBuildPhase;
			buildActionMask = 2147483647;
			dstPath = "$(CONTENTS_FOLDER_PATH)/Watch";
			dstSubfolderSpec = 16;
			files = (
			);
			name = "Embed Watch Content";
			runOnlyForDeploymentPostprocessing = 0;
		};
/* End PBXCopyFilesBuildPhase section */

/* Begin PBXFileReference section */
		019CB6A225497C49009460FB /* GoogleMobileAds.framework */ = {isa = PBXFileReference; lastKnownFileType = wrapper.framework; path = GoogleMobileAds.framework; sourceTree = "<group>"; };
		019CB6A925497E83009460FB /* UICircularRing.swift */ = {isa = PBXFileReference; fileEncoding = 4; lastKnownFileType = sourcecode.swift; path = UICircularRing.swift; sourceTree = "<group>"; };
		019CB6AA25497E83009460FB /* UICircularRingLayer.swift */ = {isa = PBXFileReference; fileEncoding = 4; lastKnownFileType = sourcecode.swift; path = UICircularRingLayer.swift; sourceTree = "<group>"; };
		019CB6AB25497E83009460FB /* UICircularRingStyle.swift */ = {isa = PBXFileReference; fileEncoding = 4; lastKnownFileType = sourcecode.swift; path = UICircularRingStyle.swift; sourceTree = "<group>"; };
		019CB6AC25497E83009460FB /* UICircularTimerRing.swift */ = {isa = PBXFileReference; fileEncoding = 4; lastKnownFileType = sourcecode.swift; path = UICircularTimerRing.swift; sourceTree = "<group>"; };
		019CB6AD25497E83009460FB /* Extensions.swift */ = {isa = PBXFileReference; fileEncoding = 4; lastKnownFileType = sourcecode.swift; path = Extensions.swift; sourceTree = "<group>"; };
		019CB6AE25497E83009460FB /* UICircularProgressRing.h */ = {isa = PBXFileReference; fileEncoding = 4; lastKnownFileType = sourcecode.c.h; path = UICircularProgressRing.h; sourceTree = "<group>"; };
		019CB6AF25497E83009460FB /* UICircularProgressRingDelegate.swift */ = {isa = PBXFileReference; fileEncoding = 4; lastKnownFileType = sourcecode.swift; path = UICircularProgressRingDelegate.swift; sourceTree = "<group>"; };
		019CB6B025497E83009460FB /* UICircularProgressRing.swift */ = {isa = PBXFileReference; fileEncoding = 4; lastKnownFileType = sourcecode.swift; path = UICircularProgressRing.swift; sourceTree = "<group>"; };
		019CB6B125497E83009460FB /* UICircularRingValueFormatter.swift */ = {isa = PBXFileReference; fileEncoding = 4; lastKnownFileType = sourcecode.swift; path = UICircularRingValueFormatter.swift; sourceTree = "<group>"; };
		01BAC10C25485F8500B5F624 /* UIView+Extension.swift */ = {isa = PBXFileReference; lastKnownFileType = sourcecode.swift; path = "UIView+Extension.swift"; sourceTree = "<group>"; };
		01BAC11425486E7900B5F624 /* Double+Extension.swift */ = {isa = PBXFileReference; lastKnownFileType = sourcecode.swift; path = "Double+Extension.swift"; sourceTree = "<group>"; };
		01C20EE82503947100715910 /* simpleweatherTests.xctest */ = {isa = PBXFileReference; explicitFileType = wrapper.cfbundle; includeInIndex = 0; path = simpleweatherTests.xctest; sourceTree = BUILT_PRODUCTS_DIR; };
		01C20EEA2503947100715910 /* simpleweatherTests.swift */ = {isa = PBXFileReference; lastKnownFileType = sourcecode.swift; path = simpleweatherTests.swift; sourceTree = "<group>"; };
		01C20EEC2503947100715910 /* Info.plist */ = {isa = PBXFileReference; lastKnownFileType = text.plist.xml; path = Info.plist; sourceTree = "<group>"; };
		9000AF2D1FC9B29D00517D27 /* Baumans-Regular.ttf */ = {isa = PBXFileReference; lastKnownFileType = file; path = "Baumans-Regular.ttf"; sourceTree = "<group>"; };
		9000AF2F1FC9E62C00517D27 /* PartOfDay.swift */ = {isa = PBXFileReference; lastKnownFileType = sourcecode.swift; path = PartOfDay.swift; sourceTree = "<group>"; };
		902DF25E201B845600C7B458 /* CustomImage.swift */ = {isa = PBXFileReference; lastKnownFileType = sourcecode.swift; path = CustomImage.swift; sourceTree = "<group>"; };
		90499F621F67FDEE008AFAD1 /* Barometer.swift */ = {isa = PBXFileReference; fileEncoding = 4; lastKnownFileType = sourcecode.swift; path = Barometer.swift; sourceTree = "<group>"; };
		904C6A4A200B83C900D9F5F9 /* BarometerVC.swift */ = {isa = PBXFileReference; lastKnownFileType = sourcecode.swift; path = BarometerVC.swift; sourceTree = "<group>"; };
		904C6A4C200B83D700D9F5F9 /* SettingsVC.swift */ = {isa = PBXFileReference; lastKnownFileType = sourcecode.swift; path = SettingsVC.swift; sourceTree = "<group>"; };
		904C6A51200B971E00D9F5F9 /* CustomButton.swift */ = {isa = PBXFileReference; fileEncoding = 4; lastKnownFileType = sourcecode.swift; path = CustomButton.swift; sourceTree = "<group>"; };
		9086DA7A1DBFEC870045C3F4 /* Constants.swift */ = {isa = PBXFileReference; fileEncoding = 4; lastKnownFileType = sourcecode.swift; path = Constants.swift; sourceTree = "<group>"; };
		9086DA7C1DBFEFBE0045C3F4 /* CurrentWeather.swift */ = {isa = PBXFileReference; fileEncoding = 4; lastKnownFileType = sourcecode.swift; path = CurrentWeather.swift; sourceTree = "<group>"; };
		909C22941DC238290098E1FB /* BackgroundImage.swift */ = {isa = PBXFileReference; fileEncoding = 4; lastKnownFileType = sourcecode.swift; path = BackgroundImage.swift; sourceTree = "<group>"; };
		90A410D51DC11F0D009C9238 /* Forecast.swift */ = {isa = PBXFileReference; fileEncoding = 4; lastKnownFileType = sourcecode.swift; path = Forecast.swift; sourceTree = "<group>"; };
		90A410D71DC12EEA009C9238 /* WeatherCell.swift */ = {isa = PBXFileReference; fileEncoding = 4; lastKnownFileType = sourcecode.swift; path = WeatherCell.swift; sourceTree = "<group>"; };
		90A410DA1DC139FB009C9238 /* Location.swift */ = {isa = PBXFileReference; fileEncoding = 4; lastKnownFileType = sourcecode.swift; path = Location.swift; sourceTree = "<group>"; };
		90A94F19201B762800F901F3 /* Muli-ExtraBold.ttf */ = {isa = PBXFileReference; lastKnownFileType = file; path = "Muli-ExtraBold.ttf"; sourceTree = "<group>"; };
		90A94F1A201B762800F901F3 /* Muli-Bold.ttf */ = {isa = PBXFileReference; lastKnownFileType = file; path = "Muli-Bold.ttf"; sourceTree = "<group>"; };
		90C1EFC820260C1700F221CB /* Muli-Regular.ttf */ = {isa = PBXFileReference; lastKnownFileType = file; path = "Muli-Regular.ttf"; sourceTree = "<group>"; };
		90C1EFC920260C1700F221CB /* Muli-Light.ttf */ = {isa = PBXFileReference; lastKnownFileType = file; path = "Muli-Light.ttf"; sourceTree = "<group>"; };
		90C1EFCC2026355000F221CB /* GlobalData.swift */ = {isa = PBXFileReference; lastKnownFileType = sourcecode.swift; path = GlobalData.swift; sourceTree = "<group>"; };
		90E466121DB3D80E00147235 /* simpleweather.app */ = {isa = PBXFileReference; explicitFileType = wrapper.application; includeInIndex = 0; path = simpleweather.app; sourceTree = BUILT_PRODUCTS_DIR; };
		90E466151DB3D80E00147235 /* AppDelegate.swift */ = {isa = PBXFileReference; lastKnownFileType = sourcecode.swift; path = AppDelegate.swift; sourceTree = "<group>"; };
		90E466171DB3D80E00147235 /* WeatherVC.swift */ = {isa = PBXFileReference; lastKnownFileType = sourcecode.swift; path = WeatherVC.swift; sourceTree = "<group>"; };
		90E4661A1DB3D80E00147235 /* Base */ = {isa = PBXFileReference; lastKnownFileType = file.storyboard; name = Base; path = Base.lproj/Main.storyboard; sourceTree = "<group>"; };
		90E4661C1DB3D80E00147235 /* Assets.xcassets */ = {isa = PBXFileReference; lastKnownFileType = folder.assetcatalog; path = Assets.xcassets; sourceTree = "<group>"; };
		90E4661F1DB3D80E00147235 /* Base */ = {isa = PBXFileReference; lastKnownFileType = file.storyboard; name = Base; path = Base.lproj/LaunchScreen.storyboard; sourceTree = "<group>"; };
		90E466211DB3D80E00147235 /* Info.plist */ = {isa = PBXFileReference; lastKnownFileType = text.plist.xml; path = Info.plist; sourceTree = "<group>"; };
/* End PBXFileReference section */

/* Begin PBXFrameworksBuildPhase section */
		01C20EE52503947100715910 /* Frameworks */ = {
			isa = PBXFrameworksBuildPhase;
			buildActionMask = 2147483647;
			files = (
			);
			runOnlyForDeploymentPostprocessing = 0;
		};
		90E4660F1DB3D80E00147235 /* Frameworks */ = {
			isa = PBXFrameworksBuildPhase;
			buildActionMask = 2147483647;
			files = (
				019CB6A325497C49009460FB /* GoogleMobileAds.framework in Frameworks */,
				019CB69525497676009460FB /* Alamofire in Frameworks */,
			);
			runOnlyForDeploymentPostprocessing = 0;
		};
/* End PBXFrameworksBuildPhase section */

/* Begin PBXGroup section */
		019CB6A825497E83009460FB /* Legacy */ = {
			isa = PBXGroup;
			children = (
				019CB6A925497E83009460FB /* UICircularRing.swift */,
				019CB6AA25497E83009460FB /* UICircularRingLayer.swift */,
				019CB6AB25497E83009460FB /* UICircularRingStyle.swift */,
				019CB6AC25497E83009460FB /* UICircularTimerRing.swift */,
				019CB6AD25497E83009460FB /* Extensions.swift */,
				019CB6AE25497E83009460FB /* UICircularProgressRing.h */,
				019CB6AF25497E83009460FB /* UICircularProgressRingDelegate.swift */,
				019CB6B025497E83009460FB /* UICircularProgressRing.swift */,
				019CB6B125497E83009460FB /* UICircularRingValueFormatter.swift */,
			);
			path = Legacy;
			sourceTree = "<group>";
		};
		01C20EE92503947100715910 /* simpleweatherTests */ = {
			isa = PBXGroup;
			children = (
				01C20EEA2503947100715910 /* simpleweatherTests.swift */,
				01C20EEC2503947100715910 /* Info.plist */,
			);
			path = simpleweatherTests;
			sourceTree = "<group>";
		};
		9000AF2C1FC9B28100517D27 /* Fonts */ = {
			isa = PBXGroup;
			children = (
				90A94F1A201B762800F901F3 /* Muli-Bold.ttf */,
				90A94F19201B762800F901F3 /* Muli-ExtraBold.ttf */,
				90C1EFC920260C1700F221CB /* Muli-Light.ttf */,
				90C1EFC820260C1700F221CB /* Muli-Regular.ttf */,
				9000AF2D1FC9B29D00517D27 /* Baumans-Regular.ttf */,
			);
			name = Fonts;
			sourceTree = "<group>";
		};
		9033CE4E1E7D91C50005F717 /* Support Files */ = {
			isa = PBXGroup;
			children = (
				019CB6A825497E83009460FB /* Legacy */,
				019CB6A225497C49009460FB /* GoogleMobileAds.framework */,
				90E466151DB3D80E00147235 /* AppDelegate.swift */,
				90E466211DB3D80E00147235 /* Info.plist */,
			);
			name = "Support Files";
			sourceTree = "<group>";
		};
		9086DA771DBFE0F80045C3F4 /* Controller */ = {
			isa = PBXGroup;
			children = (
				90E466171DB3D80E00147235 /* WeatherVC.swift */,
				904C6A4A200B83C900D9F5F9 /* BarometerVC.swift */,
				904C6A4C200B83D700D9F5F9 /* SettingsVC.swift */,
			);
			name = Controller;
			sourceTree = "<group>";
		};
		9086DA781DBFE1070045C3F4 /* UI */ = {
			isa = PBXGroup;
			children = (
				90E4661E1DB3D80E00147235 /* LaunchScreen.storyboard */,
				90E466191DB3D80E00147235 /* Main.storyboard */,
				90A410D71DC12EEA009C9238 /* WeatherCell.swift */,
				909C22941DC238290098E1FB /* BackgroundImage.swift */,
				904C6A51200B971E00D9F5F9 /* CustomButton.swift */,
				902DF25E201B845600C7B458 /* CustomImage.swift */,
				01BAC10C25485F8500B5F624 /* UIView+Extension.swift */,
			);
			name = UI;
			sourceTree = "<group>";
		};
		9086DA791DBFE10F0045C3F4 /* Model */ = {
			isa = PBXGroup;
			children = (
				9086DA7C1DBFEFBE0045C3F4 /* CurrentWeather.swift */,
				90A410D51DC11F0D009C9238 /* Forecast.swift */,
				9086DA7A1DBFEC870045C3F4 /* Constants.swift */,
				90A410DA1DC139FB009C9238 /* Location.swift */,
				90499F621F67FDEE008AFAD1 /* Barometer.swift */,
				9000AF2F1FC9E62C00517D27 /* PartOfDay.swift */,
				90C1EFCC2026355000F221CB /* GlobalData.swift */,
				01BAC11425486E7900B5F624 /* Double+Extension.swift */,
			);
			name = Model;
			sourceTree = "<group>";
		};
		90E466091DB3D80E00147235 = {
			isa = PBXGroup;
			children = (
				90E466141DB3D80E00147235 /* simpleweather */,
				01C20EE92503947100715910 /* simpleweatherTests */,
				90E466131DB3D80E00147235 /* Products */,
			);
			sourceTree = "<group>";
		};
		90E466131DB3D80E00147235 /* Products */ = {
			isa = PBXGroup;
			children = (
				90E466121DB3D80E00147235 /* simpleweather.app */,
				01C20EE82503947100715910 /* simpleweatherTests.xctest */,
			);
			name = Products;
			sourceTree = "<group>";
		};
		90E466141DB3D80E00147235 /* simpleweather */ = {
			isa = PBXGroup;
			children = (
				9086DA781DBFE1070045C3F4 /* UI */,
				90E4661C1DB3D80E00147235 /* Assets.xcassets */,
				9086DA771DBFE0F80045C3F4 /* Controller */,
				9086DA791DBFE10F0045C3F4 /* Model */,
				9000AF2C1FC9B28100517D27 /* Fonts */,
				9033CE4E1E7D91C50005F717 /* Support Files */,
			);
			path = simpleweather;
			sourceTree = "<group>";
		};
/* End PBXGroup section */

/* Begin PBXNativeTarget section */
		01C20EE72503947100715910 /* simpleweatherTests */ = {
			isa = PBXNativeTarget;
			buildConfigurationList = 01C20EF12503947100715910 /* Build configuration list for PBXNativeTarget "simpleweatherTests" */;
			buildPhases = (
				01C20EE42503947100715910 /* Sources */,
				01C20EE52503947100715910 /* Frameworks */,
				01C20EE62503947100715910 /* Resources */,
			);
			buildRules = (
			);
			dependencies = (
				01C20EEE2503947100715910 /* PBXTargetDependency */,
			);
			name = simpleweatherTests;
			productName = simpleweatherTests;
			productReference = 01C20EE82503947100715910 /* simpleweatherTests.xctest */;
			productType = "com.apple.product-type.bundle.unit-test";
		};
		90E466111DB3D80E00147235 /* simpleweather */ = {
			isa = PBXNativeTarget;
			buildConfigurationList = 90E4663A1DB3D80E00147235 /* Build configuration list for PBXNativeTarget "simpleweather" */;
			buildPhases = (
				90E4660E1DB3D80E00147235 /* Sources */,
				90E4660F1DB3D80E00147235 /* Frameworks */,
				90E466101DB3D80E00147235 /* Resources */,
				90B0CE2C1FD1E3BD0004DB2F /* Embed Watch Content */,
			);
			buildRules = (
			);
			dependencies = (
			);
			name = simpleweather;
			packageProductDependencies = (
				019CB69425497676009460FB /* Alamofire */,
			);
			productName = simpleweather;
			productReference = 90E466121DB3D80E00147235 /* simpleweather.app */;
			productType = "com.apple.product-type.application";
		};
/* End PBXNativeTarget section */

/* Begin PBXProject section */
		90E4660A1DB3D80E00147235 /* Project object */ = {
			isa = PBXProject;
			attributes = {
				DefaultBuildSystemTypeForWorkspace = Latest;
				LastSwiftUpdateCheck = 1160;
				LastUpgradeCheck = 1200;
				ORGANIZATIONNAME = "Andrii Halabuda";
				TargetAttributes = {
					01C20EE72503947100715910 = {
						CreatedOnToolsVersion = 11.6;
						DevelopmentTeam = PTRW36GG78;
						ProvisioningStyle = Automatic;
						TestTargetID = 90E466111DB3D80E00147235;
					};
					90E466111DB3D80E00147235 = {
						CreatedOnToolsVersion = 8.0;
						DevelopmentTeam = PTRW36GG78;
						LastSwiftMigration = 1130;
						ProvisioningStyle = Automatic;
					};
				};
			};
			buildConfigurationList = 90E4660D1DB3D80E00147235 /* Build configuration list for PBXProject "simpleweather" */;
			compatibilityVersion = "Xcode 3.2";
			developmentRegion = en;
			hasScannedForEncodings = 0;
			knownRegions = (
				en,
				Base,
			);
			mainGroup = 90E466091DB3D80E00147235;
			packageReferences = (
				019CB69325497676009460FB /* XCRemoteSwiftPackageReference "Alamofire" */,
			);
			productRefGroup = 90E466131DB3D80E00147235 /* Products */;
			projectDirPath = "";
			projectRoot = "";
			targets = (
				90E466111DB3D80E00147235 /* simpleweather */,
				01C20EE72503947100715910 /* simpleweatherTests */,
			);
		};
/* End PBXProject section */

/* Begin PBXResourcesBuildPhase section */
		01C20EE62503947100715910 /* Resources */ = {
			isa = PBXResourcesBuildPhase;
			buildActionMask = 2147483647;
			files = (
			);
			runOnlyForDeploymentPostprocessing = 0;
		};
		90E466101DB3D80E00147235 /* Resources */ = {
			isa = PBXResourcesBuildPhase;
			buildActionMask = 2147483647;
			files = (
				90E466201DB3D80E00147235 /* LaunchScreen.storyboard in Resources */,
				9000AF2E1FC9B29E00517D27 /* Baumans-Regular.ttf in Resources */,
				90C1EFCA20260C1800F221CB /* Muli-Regular.ttf in Resources */,
				90C1EFCB20260C1800F221CB /* Muli-Light.ttf in Resources */,
				90E4661D1DB3D80E00147235 /* Assets.xcassets in Resources */,
				90E4661B1DB3D80E00147235 /* Main.storyboard in Resources */,
				90A94F1C201B762900F901F3 /* Muli-Bold.ttf in Resources */,
				90A94F1B201B762900F901F3 /* Muli-ExtraBold.ttf in Resources */,
			);
			runOnlyForDeploymentPostprocessing = 0;
		};
/* End PBXResourcesBuildPhase section */

/* Begin PBXSourcesBuildPhase section */
		01C20EE42503947100715910 /* Sources */ = {
			isa = PBXSourcesBuildPhase;
			buildActionMask = 2147483647;
			files = (
				01C20EEB2503947100715910 /* simpleweatherTests.swift in Sources */,
			);
			runOnlyForDeploymentPostprocessing = 0;
		};
		90E4660E1DB3D80E00147235 /* Sources */ = {
			isa = PBXSourcesBuildPhase;
			buildActionMask = 2147483647;
			files = (
				90E466181DB3D80E00147235 /* WeatherVC.swift in Sources */,
				90E466161DB3D80E00147235 /* AppDelegate.swift in Sources */,
				01BAC10D25485F8500B5F624 /* UIView+Extension.swift in Sources */,
				90A410D81DC12EEA009C9238 /* WeatherCell.swift in Sources */,
				019CB6B225497E83009460FB /* UICircularRing.swift in Sources */,
				01BAC11525486E7900B5F624 /* Double+Extension.swift in Sources */,
				909C22951DC238290098E1FB /* BackgroundImage.swift in Sources */,
				9000AF301FC9E62C00517D27 /* PartOfDay.swift in Sources */,
				019CB6B425497E83009460FB /* UICircularRingStyle.swift in Sources */,
				019CB6B625497E83009460FB /* Extensions.swift in Sources */,
				904C6A4D200B83D700D9F5F9 /* SettingsVC.swift in Sources */,
				90C1EFCD2026355000F221CB /* GlobalData.swift in Sources */,
				9086DA7D1DBFEFBE0045C3F4 /* CurrentWeather.swift in Sources */,
				019CB6B325497E83009460FB /* UICircularRingLayer.swift in Sources */,
				9086DA7B1DBFEC870045C3F4 /* Constants.swift in Sources */,
				019CB6B825497E83009460FB /* UICircularProgressRing.swift in Sources */,
				90499F631F67FDEE008AFAD1 /* Barometer.swift in Sources */,
				90A410D61DC11F0D009C9238 /* Forecast.swift in Sources */,
				90A410DB1DC139FB009C9238 /* Location.swift in Sources */,
				902DF25F201B845600C7B458 /* CustomImage.swift in Sources */,
				019CB6B725497E83009460FB /* UICircularProgressRingDelegate.swift in Sources */,
				019CB6B525497E83009460FB /* UICircularTimerRing.swift in Sources */,
				019CB6B925497E83009460FB /* UICircularRingValueFormatter.swift in Sources */,
				904C6A52200B971E00D9F5F9 /* CustomButton.swift in Sources */,
				904C6A4B200B83C900D9F5F9 /* BarometerVC.swift in Sources */,
			);
			runOnlyForDeploymentPostprocessing = 0;
		};
/* End PBXSourcesBuildPhase section */

/* Begin PBXTargetDependency section */
		01C20EEE2503947100715910 /* PBXTargetDependency */ = {
			isa = PBXTargetDependency;
			target = 90E466111DB3D80E00147235 /* simpleweather */;
			targetProxy = 01C20EED2503947100715910 /* PBXContainerItemProxy */;
		};
/* End PBXTargetDependency section */

/* Begin PBXVariantGroup section */
		90E466191DB3D80E00147235 /* Main.storyboard */ = {
			isa = PBXVariantGroup;
			children = (
				90E4661A1DB3D80E00147235 /* Base */,
			);
			name = Main.storyboard;
			sourceTree = "<group>";
		};
		90E4661E1DB3D80E00147235 /* LaunchScreen.storyboard */ = {
			isa = PBXVariantGroup;
			children = (
				90E4661F1DB3D80E00147235 /* Base */,
			);
			name = LaunchScreen.storyboard;
			sourceTree = "<group>";
		};
/* End PBXVariantGroup section */

/* Begin XCBuildConfiguration section */
		01C20EEF2503947100715910 /* Debug */ = {
			isa = XCBuildConfiguration;
			buildSettings = {
				BUNDLE_LOADER = "$(TEST_HOST)";
				CLANG_ANALYZER_NUMBER_OBJECT_CONVERSION = YES_AGGRESSIVE;
				CLANG_CXX_LANGUAGE_STANDARD = "gnu++14";
				CLANG_ENABLE_OBJC_WEAK = YES;
				CLANG_WARN_UNGUARDED_AVAILABILITY = YES_AGGRESSIVE;
				CODE_SIGN_STYLE = Automatic;
				DEVELOPMENT_TEAM = PTRW36GG78;
				GCC_C_LANGUAGE_STANDARD = gnu11;
				INFOPLIST_FILE = simpleweatherTests/Info.plist;
				IPHONEOS_DEPLOYMENT_TARGET = 13.6;
				LD_RUNPATH_SEARCH_PATHS = (
					"$(inherited)",
					"@executable_path/Frameworks",
					"@loader_path/Frameworks",
				);
				MTL_ENABLE_DEBUG_INFO = INCLUDE_SOURCE;
				MTL_FAST_MATH = YES;
				PRODUCT_BUNDLE_IDENTIFIER = com.Andrew11US.simpleweatherTests;
				PRODUCT_NAME = "$(TARGET_NAME)";
				SWIFT_VERSION = 5.0;
				TARGETED_DEVICE_FAMILY = "1,2";
				TEST_HOST = "$(BUILT_PRODUCTS_DIR)/simpleweather.app/simpleweather";
			};
			name = Debug;
		};
		01C20EF02503947100715910 /* Release */ = {
			isa = XCBuildConfiguration;
			buildSettings = {
				BUNDLE_LOADER = "$(TEST_HOST)";
				CLANG_ANALYZER_NUMBER_OBJECT_CONVERSION = YES_AGGRESSIVE;
				CLANG_CXX_LANGUAGE_STANDARD = "gnu++14";
				CLANG_ENABLE_OBJC_WEAK = YES;
				CLANG_WARN_UNGUARDED_AVAILABILITY = YES_AGGRESSIVE;
				CODE_SIGN_STYLE = Automatic;
				DEVELOPMENT_TEAM = PTRW36GG78;
				GCC_C_LANGUAGE_STANDARD = gnu11;
				INFOPLIST_FILE = simpleweatherTests/Info.plist;
				IPHONEOS_DEPLOYMENT_TARGET = 13.6;
				LD_RUNPATH_SEARCH_PATHS = (
					"$(inherited)",
					"@executable_path/Frameworks",
					"@loader_path/Frameworks",
				);
				MTL_FAST_MATH = YES;
				PRODUCT_BUNDLE_IDENTIFIER = com.Andrew11US.simpleweatherTests;
				PRODUCT_NAME = "$(TARGET_NAME)";
				SWIFT_VERSION = 5.0;
				TARGETED_DEVICE_FAMILY = "1,2";
				TEST_HOST = "$(BUILT_PRODUCTS_DIR)/simpleweather.app/simpleweather";
			};
			name = Release;
		};
		90E466381DB3D80E00147235 /* Debug */ = {
			isa = XCBuildConfiguration;
			buildSettings = {
				ALWAYS_SEARCH_USER_PATHS = NO;
				CLANG_ANALYZER_LOCALIZABILITY_NONLOCALIZED = YES;
				CLANG_ANALYZER_NONNULL = YES;
				CLANG_CXX_LANGUAGE_STANDARD = "gnu++0x";
				CLANG_CXX_LIBRARY = "libc++";
				CLANG_ENABLE_MODULES = YES;
				CLANG_ENABLE_OBJC_ARC = YES;
				CLANG_WARN_BLOCK_CAPTURE_AUTORELEASING = YES;
				CLANG_WARN_BOOL_CONVERSION = YES;
				CLANG_WARN_COMMA = YES;
				CLANG_WARN_CONSTANT_CONVERSION = YES;
				CLANG_WARN_DEPRECATED_OBJC_IMPLEMENTATIONS = YES;
				CLANG_WARN_DIRECT_OBJC_ISA_USAGE = YES_ERROR;
				CLANG_WARN_DOCUMENTATION_COMMENTS = YES;
				CLANG_WARN_EMPTY_BODY = YES;
				CLANG_WARN_ENUM_CONVERSION = YES;
				CLANG_WARN_INFINITE_RECURSION = YES;
				CLANG_WARN_INT_CONVERSION = YES;
				CLANG_WARN_NON_LITERAL_NULL_CONVERSION = YES;
				CLANG_WARN_OBJC_IMPLICIT_RETAIN_SELF = YES;
				CLANG_WARN_OBJC_LITERAL_CONVERSION = YES;
				CLANG_WARN_OBJC_ROOT_CLASS = YES_ERROR;
				CLANG_WARN_QUOTED_INCLUDE_IN_FRAMEWORK_HEADER = YES;
				CLANG_WARN_RANGE_LOOP_ANALYSIS = YES;
				CLANG_WARN_STRICT_PROTOTYPES = YES;
				CLANG_WARN_SUSPICIOUS_MOVE = YES;
				CLANG_WARN_SUSPICIOUS_MOVES = YES;
				CLANG_WARN_UNREACHABLE_CODE = YES;
				CLANG_WARN__DUPLICATE_METHOD_MATCH = YES;
				"CODE_SIGN_IDENTITY[sdk=iphoneos*]" = "iPhone Developer";
				COPY_PHASE_STRIP = NO;
				DEBUG_INFORMATION_FORMAT = dwarf;
				ENABLE_STRICT_OBJC_MSGSEND = YES;
				ENABLE_TESTABILITY = YES;
				GCC_C_LANGUAGE_STANDARD = gnu99;
				GCC_DYNAMIC_NO_PIC = NO;
				GCC_NO_COMMON_BLOCKS = YES;
				GCC_OPTIMIZATION_LEVEL = 0;
				GCC_PREPROCESSOR_DEFINITIONS = (
					"DEBUG=1",
					"$(inherited)",
				);
				GCC_WARN_64_TO_32_BIT_CONVERSION = YES;
				GCC_WARN_ABOUT_RETURN_TYPE = YES_ERROR;
				GCC_WARN_UNDECLARED_SELECTOR = YES;
				GCC_WARN_UNINITIALIZED_AUTOS = YES_AGGRESSIVE;
				GCC_WARN_UNUSED_FUNCTION = YES;
				GCC_WARN_UNUSED_VARIABLE = YES;
				IPHONEOS_DEPLOYMENT_TARGET = 12.0;
				MTL_ENABLE_DEBUG_INFO = YES;
				ONLY_ACTIVE_ARCH = YES;
				SDKROOT = iphoneos;
				SWIFT_ACTIVE_COMPILATION_CONDITIONS = DEBUG;
				SWIFT_OPTIMIZATION_LEVEL = "-Onone";
			};
			name = Debug;
		};
		90E466391DB3D80E00147235 /* Release */ = {
			isa = XCBuildConfiguration;
			buildSettings = {
				ALWAYS_SEARCH_USER_PATHS = NO;
				CLANG_ANALYZER_LOCALIZABILITY_NONLOCALIZED = YES;
				CLANG_ANALYZER_NONNULL = YES;
				CLANG_CXX_LANGUAGE_STANDARD = "gnu++0x";
				CLANG_CXX_LIBRARY = "libc++";
				CLANG_ENABLE_MODULES = YES;
				CLANG_ENABLE_OBJC_ARC = YES;
				CLANG_WARN_BLOCK_CAPTURE_AUTORELEASING = YES;
				CLANG_WARN_BOOL_CONVERSION = YES;
				CLANG_WARN_COMMA = YES;
				CLANG_WARN_CONSTANT_CONVERSION = YES;
				CLANG_WARN_DEPRECATED_OBJC_IMPLEMENTATIONS = YES;
				CLANG_WARN_DIRECT_OBJC_ISA_USAGE = YES_ERROR;
				CLANG_WARN_DOCUMENTATION_COMMENTS = YES;
				CLANG_WARN_EMPTY_BODY = YES;
				CLANG_WARN_ENUM_CONVERSION = YES;
				CLANG_WARN_INFINITE_RECURSION = YES;
				CLANG_WARN_INT_CONVERSION = YES;
				CLANG_WARN_NON_LITERAL_NULL_CONVERSION = YES;
				CLANG_WARN_OBJC_IMPLICIT_RETAIN_SELF = YES;
				CLANG_WARN_OBJC_LITERAL_CONVERSION = YES;
				CLANG_WARN_OBJC_ROOT_CLASS = YES_ERROR;
				CLANG_WARN_QUOTED_INCLUDE_IN_FRAMEWORK_HEADER = YES;
				CLANG_WARN_RANGE_LOOP_ANALYSIS = YES;
				CLANG_WARN_STRICT_PROTOTYPES = YES;
				CLANG_WARN_SUSPICIOUS_MOVE = YES;
				CLANG_WARN_SUSPICIOUS_MOVES = YES;
				CLANG_WARN_UNREACHABLE_CODE = YES;
				CLANG_WARN__DUPLICATE_METHOD_MATCH = YES;
				"CODE_SIGN_IDENTITY[sdk=iphoneos*]" = "iPhone Developer";
				COPY_PHASE_STRIP = NO;
				DEBUG_INFORMATION_FORMAT = "dwarf-with-dsym";
				ENABLE_NS_ASSERTIONS = NO;
				ENABLE_STRICT_OBJC_MSGSEND = YES;
				GCC_C_LANGUAGE_STANDARD = gnu99;
				GCC_NO_COMMON_BLOCKS = YES;
				GCC_WARN_64_TO_32_BIT_CONVERSION = YES;
				GCC_WARN_ABOUT_RETURN_TYPE = YES_ERROR;
				GCC_WARN_UNDECLARED_SELECTOR = YES;
				GCC_WARN_UNINITIALIZED_AUTOS = YES_AGGRESSIVE;
				GCC_WARN_UNUSED_FUNCTION = YES;
				GCC_WARN_UNUSED_VARIABLE = YES;
				IPHONEOS_DEPLOYMENT_TARGET = 12.0;
				MTL_ENABLE_DEBUG_INFO = NO;
				SDKROOT = iphoneos;
				SWIFT_COMPILATION_MODE = wholemodule;
				SWIFT_OPTIMIZATION_LEVEL = "-O";
				VALIDATE_PRODUCT = YES;
			};
			name = Release;
		};
		90E4663B1DB3D80E00147235 /* Debug */ = {
			isa = XCBuildConfiguration;
			buildSettings = {
				ASSETCATALOG_COMPILER_APPICON_NAME = AppIcon;
				CLANG_ENABLE_MODULES = YES;
				CODE_SIGN_IDENTITY = "Apple Development";
				"CODE_SIGN_IDENTITY[sdk=iphoneos*]" = "iPhone Developer";
				CODE_SIGN_STYLE = Automatic;
				CURRENT_PROJECT_VERSION = 46;
				DEVELOPMENT_TEAM = PTRW36GG78;
				FRAMEWORK_SEARCH_PATHS = (
					"$(inherited)",
					"$(PROJECT_DIR)",
					"$(PROJECT_DIR)/simpleweather",
				);
				INFOPLIST_FILE = simpleweather/Info.plist;
				IPHONEOS_DEPLOYMENT_TARGET = 12.0;
				LD_RUNPATH_SEARCH_PATHS = (
					"$(inherited)",
					"@executable_path/Frameworks",
				);
				MARKETING_VERSION = 4.0;
				PRODUCT_BUNDLE_IDENTIFIER = com.andrewapps.simpleweather;
				PRODUCT_NAME = "$(TARGET_NAME)";
				PROVISIONING_PROFILE = "";
				PROVISIONING_PROFILE_SPECIFIER = "";
				SWIFT_OPTIMIZATION_LEVEL = "-Onone";
				SWIFT_VERSION = 5.0;
				TARGETED_DEVICE_FAMILY = "1,2";
			};
			name = Debug;
		};
		90E4663C1DB3D80E00147235 /* Release */ = {
			isa = XCBuildConfiguration;
			buildSettings = {
				ASSETCATALOG_COMPILER_APPICON_NAME = AppIcon;
				CLANG_ENABLE_MODULES = YES;
				CODE_SIGN_IDENTITY = "Apple Development";
				"CODE_SIGN_IDENTITY[sdk=iphoneos*]" = "iPhone Developer";
				CODE_SIGN_STYLE = Automatic;
				CURRENT_PROJECT_VERSION = 46;
				DEVELOPMENT_TEAM = PTRW36GG78;
				FRAMEWORK_SEARCH_PATHS = (
					"$(inherited)",
					"$(PROJECT_DIR)",
					"$(PROJECT_DIR)/simpleweather",
				);
				INFOPLIST_FILE = simpleweather/Info.plist;
				IPHONEOS_DEPLOYMENT_TARGET = 12.0;
				LD_RUNPATH_SEARCH_PATHS = (
					"$(inherited)",
					"@executable_path/Frameworks",
				);
				MARKETING_VERSION = 4.0;
				PRODUCT_BUNDLE_IDENTIFIER = com.andrewapps.simpleweather;
				PRODUCT_NAME = "$(TARGET_NAME)";
				PROVISIONING_PROFILE = "";
				PROVISIONING_PROFILE_SPECIFIER = "";
				SWIFT_VERSION = 5.0;
				TARGETED_DEVICE_FAMILY = "1,2";
			};
			name = Release;
		};
/* End XCBuildConfiguration section */

/* Begin XCConfigurationList section */
		01C20EF12503947100715910 /* Build configuration list for PBXNativeTarget "simpleweatherTests" */ = {
			isa = XCConfigurationList;
			buildConfigurations = (
				01C20EEF2503947100715910 /* Debug */,
				01C20EF02503947100715910 /* Release */,
			);
			defaultConfigurationIsVisible = 0;
			defaultConfigurationName = Release;
		};
		90E4660D1DB3D80E00147235 /* Build configuration list for PBXProject "simpleweather" */ = {
			isa = XCConfigurationList;
			buildConfigurations = (
				90E466381DB3D80E00147235 /* Debug */,
				90E466391DB3D80E00147235 /* Release */,
			);
			defaultConfigurationIsVisible = 0;
			defaultConfigurationName = Release;
		};
		90E4663A1DB3D80E00147235 /* Build configuration list for PBXNativeTarget "simpleweather" */ = {
			isa = XCConfigurationList;
			buildConfigurations = (
				90E4663B1DB3D80E00147235 /* Debug */,
				90E4663C1DB3D80E00147235 /* Release */,
			);
			defaultConfigurationIsVisible = 0;
			defaultConfigurationName = Release;
		};
/* End XCConfigurationList section */

/* Begin XCRemoteSwiftPackageReference section */
		019CB69325497676009460FB /* XCRemoteSwiftPackageReference "Alamofire" */ = {
			isa = XCRemoteSwiftPackageReference;
			repositoryURL = "https://github.com/Alamofire/Alamofire.git";
			requirement = {
				kind = exactVersion;
				version = 5.3.0;
			};
		};
/* End XCRemoteSwiftPackageReference section */

/* Begin XCSwiftPackageProductDependency section */
		019CB69425497676009460FB /* Alamofire */ = {
			isa = XCSwiftPackageProductDependency;
			package = 019CB69325497676009460FB /* XCRemoteSwiftPackageReference "Alamofire" */;
			productName = Alamofire;
		};
/* End XCSwiftPackageProductDependency section */
	};
	rootObject = 90E4660A1DB3D80E00147235 /* Project object */;
}
